# THIS IS AN AUTOGENERATED FILE. DO NOT EDIT THIS FILE DIRECTLY.
# yarn lockfile v1


"@fullcalendar/common@~5.3.1":
  version "5.3.1"
  resolved "https://registry.yarnpkg.com/@fullcalendar/common/-/common-5.3.1.tgz#9193032cf88f12ebcd8337ef6e98b23fbbbf04ca"
  integrity sha512-2PREEpiFQSDN5MNdoD/OkpJ+d7FPtN2TwTJMsuq3fTjmj3nM+utrxBmUr9a2F6WWW1X+xGU5nHQA52vhqIiQOQ==
  dependencies:
    tslib "^2.0.0"

"@fullcalendar/core@^5.3.1":
  version "5.3.1"
  resolved "https://registry.yarnpkg.com/@fullcalendar/core/-/core-5.3.1.tgz#183140648e4c07a452e10a13259768406065329f"
  integrity sha512-CqcpMimyuTf4DI+s1Se9bjVQMa2PDGtTBj8CYaCf8nSu+Wc6/RoimhIiA5bDTyg4KQFqXFT8ojt1avC05ZBvgg==
  dependencies:
    "@fullcalendar/common" "~5.3.1"
    preact "^10.0.5"
    tslib "^2.0.0"

"@fullcalendar/daygrid@^5.3.2":
  version "5.3.2"
  resolved "https://registry.yarnpkg.com/@fullcalendar/daygrid/-/daygrid-5.3.2.tgz#c12160fb76729f13dc423c0db12664969ef01af0"
  integrity sha512-BK+YIecF3q9d/+6lAnf6WiJEEs7Wpa/mu9gXpkEf8vn4nl2bicPHUwykg5dUMCBy7ADAkDoL7VuBVi0XBRtPYw==
  dependencies:
    "@fullcalendar/common" "~5.3.1"
    tslib "^2.0.0"

"@fullcalendar/interaction@^5.3.1":
  version "5.3.1"
  resolved "https://registry.yarnpkg.com/@fullcalendar/interaction/-/interaction-5.3.1.tgz#0eaf6c9210df3b5f947e40c3582009c99c2551f6"
  integrity sha512-S1QAIazLQ7yBlUFyQbXzvXj36u39/G6H0qI2bUuQ4lY5VlUMGkiKZqb8oDHz1wE9/keuBL5CX2K/WTDGJ19Mng==
  dependencies:
    "@fullcalendar/common" "~5.3.1"
    tslib "^2.0.0"

jquery@>=1.9.0:
  version "3.5.1"
  resolved "https://registry.yarnpkg.com/jquery/-/jquery-3.5.1.tgz#d7b4d08e1bfdb86ad2f1a3d039ea17304717abb5"
  integrity sha512-XwIBPqcMn57FxfT+Go5pzySnm4KWkT1Tv7gjrpT1srtf8Weynl6R273VJ5GjkRb51IzMp5nbaPjJXMWeju2MKg==

pivottable@^2.23.0:
  version "2.23.0"
  resolved "https://registry.yarnpkg.com/pivottable/-/pivottable-2.23.0.tgz#cc2cf1f680438d7b0a054471cb7640f1cb99f739"
  integrity sha512-6WRaiiI0mU5JxzNMWbtf3vfrBvBhBPIUbwu2Q7Nv7fVCxIvlmFqXSldMwmHAsiEFwdZdUrpQHqIu+N3jZUezyg==
  dependencies:
    jquery ">=1.9.0"

preact@^10.0.5:
  version "10.5.5"
  resolved "https://registry.yarnpkg.com/preact/-/preact-10.5.5.tgz#c6c172ca751df27483350b8ab622abc12956e997"
  integrity sha512-5ONLNH1SXMzzbQoExZX4TELemNt+TEDb622xXFNfZngjjM9qtrzseJt+EfiUu4TZ6EJ95X5sE1ES4yqHFSIdhg==

tslib@^2.0.0:
  version "2.0.2"
  resolved "https://registry.yarnpkg.com/tslib/-/tslib-2.0.2.tgz#462295631185db44b21b1ea3615b63cd1c038242"
  integrity sha512-wAH28hcEKwna96/UacuWaVspVLkg4x1aDM9JlzqaQTOFczCktkVAb5fmXChgandR1EraDPs2w8P+ozM+oafwxg==
