# THIS IS AN AUTOGENERATED FILE. DO NOT EDIT THIS FILE DIRECTLY.
# yarn lockfile v1


"@fullcalendar/common@~5.3.1":
  version "5.3.1"
  resolved "https://registry.yarnpkg.com/@fullcalendar/common/-/common-5.3.1.tgz#9193032cf88f12ebcd8337ef6e98b23fbbbf04ca"
  integrity sha512-2PREEpiFQSDN5MNdoD/OkpJ+d7FPtN2TwTJMsuq3fTjmj3nM+utrxBmUr9a2F6WWW1X+xGU5nHQA52vhqIiQOQ==
  dependencies:
    tslib "^2.0.0"

"@fullcalendar/interaction@^5.3.1":
  version "5.3.1"
  resolved "https://registry.yarnpkg.com/@fullcalendar/interaction/-/interaction-5.3.1.tgz#0eaf6c9210df3b5f947e40c3582009c99c2551f6"
  integrity sha512-S1QAIazLQ7yBlUFyQbXzvXj36u39/G6H0qI2bUuQ4lY5VlUMGkiKZqb8oDHz1wE9/keuBL5CX2K/WTDGJ19Mng==
  dependencies:
    "@fullcalendar/common" "~5.3.1"
    tslib "^2.0.0"

tslib@^2.0.0:
  version "2.0.2"
  resolved "https://registry.yarnpkg.com/tslib/-/tslib-2.0.2.tgz#462295631185db44b21b1ea3615b63cd1c038242"
  integrity sha512-wAH28hcEKwna96/UacuWaVspVLkg4x1aDM9JlzqaQTOFczCktkVAb5fmXChgandR1EraDPs2w8P+ozM+oafwxg==
